// !$*UTF8*$!
{
	archiveVersion = 1;
	classes = {
	};
	objectVersion = 46;
	objects = {

/* Begin PBXBuildFile section */
		217D40951C0B748900039DCD /* main.m in Sources */ = {isa = PBXBuildFile; fileRef = 217D40941C0B748900039DCD /* main.m */; };
		217D40981C0B748900039DCD /* AppDelegate.m in Sources */ = {isa = PBXBuildFile; fileRef = 217D40971C0B748900039DCD /* AppDelegate.m */; };
		217D409E1C0B748900039DCD /* Main.storyboard in Resources */ = {isa = PBXBuildFile; fileRef = 217D409C1C0B748900039DCD /* Main.storyboard */; };
		217D40A01C0B748900039DCD /* Assets.xcassets in Resources */ = {isa = PBXBuildFile; fileRef = 217D409F1C0B748900039DCD /* Assets.xcassets */; };
		217D40A31C0B748900039DCD /* LaunchScreen.storyboard in Resources */ = {isa = PBXBuildFile; fileRef = 217D40A11C0B748900039DCD /* LaunchScreen.storyboard */; };
		217D40AF1C0B781600039DCD /* CollectionViewController.m in Sources */ = {isa = PBXBuildFile; fileRef = 217D40AE1C0B781600039DCD /* CollectionViewController.m */; };
		217D40C11C0B795C00039DCD /* white_chocolate_donut.jpg in Resources */ = {isa = PBXBuildFile; fileRef = 217D40B11C0B795C00039DCD /* white_chocolate_donut.jpg */; };
		217D40C21C0B795C00039DCD /* ham_and_egg_sandwich.jpg in Resources */ = {isa = PBXBuildFile; fileRef = 217D40B21C0B795C00039DCD /* ham_and_egg_sandwich.jpg */; };
		217D40C31C0B795C00039DCD /* hamburger.jpg in Resources */ = {isa = PBXBuildFile; fileRef = 217D40B31C0B795C00039DCD /* hamburger.jpg */; };
		217D40C41C0B795C00039DCD /* egg_benedict.jpg in Resources */ = {isa = PBXBuildFile; fileRef = 217D40B41C0B795C00039DCD /* egg_benedict.jpg */; };
		217D40C51C0B795C00039DCD /* ham_and_cheese_panini.jpg in Resources */ = {isa = PBXBuildFile; fileRef = 217D40B51C0B795C00039DCD /* ham_and_cheese_panini.jpg */; };
		217D40C61C0B795C00039DCD /* mushroom_risotto.jpg in Resources */ = {isa = PBXBuildFile; fileRef = 217D40B61C0B795C00039DCD /* mushroom_risotto.jpg */; };
		217D40C71C0B795C00039DCD /* full_breakfast.jpg in Resources */ = {isa = PBXBuildFile; fileRef = 217D40B71C0B795C00039DCD /* full_breakfast.jpg */; };
		217D40C81C0B795C00039DCD /* creme_brelee.jpg in Resources */ = {isa = PBXBuildFile; fileRef = 217D40B81C0B795C00039DCD /* creme_brelee.jpg */; };
		217D40C91C0B795C00039DCD /* starbucks_coffee.jpg in Resources */ = {isa = PBXBuildFile; fileRef = 217D40B91C0B795C00039DCD /* starbucks_coffee.jpg */; };
		217D40CA1C0B795C00039DCD /* vegetable_curry.jpg in Resources */ = {isa = PBXBuildFile; fileRef = 217D40BA1C0B795C00039DCD /* vegetable_curry.jpg */; };
		217D40CB1C0B795C00039DCD /* japanese_noodle_with_pork.jpg in Resources */ = {isa = PBXBuildFile; fileRef = 217D40BB1C0B795C00039DCD /* japanese_noodle_with_pork.jpg */; };
		217D40CC1C0B795C00039DCD /* thai_shrimp_cake.jpg in Resources */ = {isa = PBXBuildFile; fileRef = 217D40BC1C0B795C00039DCD /* thai_shrimp_cake.jpg */; };
		217D40CD1C0B795C00039DCD /* angry_birds_cake.jpg in Resources */ = {isa = PBXBuildFile; fileRef = 217D40BD1C0B795C00039DCD /* angry_birds_cake.jpg */; };
		217D40CE1C0B795C00039DCD /* green_tea.jpg in Resources */ = {isa = PBXBuildFile; fileRef = 217D40BE1C0B795C00039DCD /* green_tea.jpg */; };
		217D40CF1C0B795C00039DCD /* instant_noodle_with_egg.jpg in Resources */ = {isa = PBXBuildFile; fileRef = 217D40BF1C0B795C00039DCD /* instant_noodle_with_egg.jpg */; };
		217D40D01C0B795C00039DCD /* noodle_with_bbq_pork.jpg in Resources */ = {isa = PBXBuildFile; fileRef = 217D40C01C0B795C00039DCD /* noodle_with_bbq_pork.jpg */; };
		217D40D41C0B7F5100039DCD /* ImageCellCollectionViewCell.m in Sources */ = {isa = PBXBuildFile; fileRef = 217D40D31C0B7F5100039DCD /* ImageCellCollectionViewCell.m */; };
/* End PBXBuildFile section */

/* Begin PBXFileReference section */
		217D40901C0B748900039DCD /* Lesson7.app */ = {isa = PBXFileReference; explicitFileType = wrapper.application; includeInIndex = 0; path = Lesson7.app; sourceTree = BUILT_PRODUCTS_DIR; };
		217D40941C0B748900039DCD /* main.m */ = {isa = PBXFileReference; lastKnownFileType = sourcecode.c.objc; path = main.m; sourceTree = "<group>"; };
		217D40961C0B748900039DCD /* AppDelegate.h */ = {isa = PBXFileReference; lastKnownFileType = sourcecode.c.h; path = AppDelegate.h; sourceTree = "<group>"; };
		217D40971C0B748900039DCD /* AppDelegate.m */ = {isa = PBXFileReference; lastKnownFileType = sourcecode.c.objc; path = AppDelegate.m; sourceTree = "<group>"; };
		217D409D1C0B748900039DCD /* Base */ = {isa = PBXFileReference; lastKnownFileType = file.storyboard; name = Base; path = Base.lproj/Main.storyboard; sourceTree = "<group>"; };
		217D409F1C0B748900039DCD /* Assets.xcassets */ = {isa = PBXFileReference; lastKnownFileType = folder.assetcatalog; path = Assets.xcassets; sourceTree = "<group>"; };
		217D40A21C0B748900039DCD /* Base */ = {isa = PBXFileReference; lastKnownFileType = file.storyboard; name = Base; path = Base.lproj/LaunchScreen.storyboard; sourceTree = "<group>"; };
		217D40A41C0B748900039DCD /* Info.plist */ = {isa = PBXFileReference; lastKnownFileType = text.plist.xml; path = Info.plist; sourceTree = "<group>"; };
		217D40AD1C0B781600039DCD /* CollectionViewController.h */ = {isa = PBXFileReference; fileEncoding = 4; lastKnownFileType = sourcecode.c.h; path = CollectionViewController.h; sourceTree = "<group>"; };
		217D40AE1C0B781600039DCD /* CollectionViewController.m */ = {isa = PBXFileReference; fileEncoding = 4; lastKnownFileType = sourcecode.c.objc; path = CollectionViewController.m; sourceTree = "<group>"; };
		217D40B11C0B795C00039DCD /* white_chocolate_donut.jpg */ = {isa = PBXFileReference; lastKnownFileType = image.jpeg; path = white_chocolate_donut.jpg; sourceTree = "<group>"; };
		217D40B21C0B795C00039DCD /* ham_and_egg_sandwich.jpg */ = {isa = PBXFileReference; lastKnownFileType = image.jpeg; path = ham_and_egg_sandwich.jpg; sourceTree = "<group>"; };
		217D40B31C0B795C00039DCD /* hamburger.jpg */ = {isa = PBXFileReference; lastKnownFileType = image.jpeg; path = hamburger.jpg; sourceTree = "<group>"; };
		217D40B41C0B795C00039DCD /* egg_benedict.jpg */ = {isa = PBXFileReference; lastKnownFileType = image.jpeg; path = egg_benedict.jpg; sourceTree = "<group>"; };
		217D40B51C0B795C00039DCD /* ham_and_cheese_panini.jpg */ = {isa = PBXFileReference; lastKnownFileType = image.jpeg; path = ham_and_cheese_panini.jpg; sourceTree = "<group>"; };
		217D40B61C0B795C00039DCD /* mushroom_risotto.jpg */ = {isa = PBXFileReference; lastKnownFileType = image.jpeg; path = mushroom_risotto.jpg; sourceTree = "<group>"; };
		217D40B71C0B795C00039DCD /* full_breakfast.jpg */ = {isa = PBXFileReference; lastKnownFileType = image.jpeg; path = full_breakfast.jpg; sourceTree = "<group>"; };
		217D40B81C0B795C00039DCD /* creme_brelee.jpg */ = {isa = PBXFileReference; lastKnownFileType = image.jpeg; path = creme_brelee.jpg; sourceTree = "<group>"; };
		217D40B91C0B795C00039DCD /* starbucks_coffee.jpg */ = {isa = PBXFileReference; lastKnownFileType = image.jpeg; path = starbucks_coffee.jpg; sourceTree = "<group>"; };
		217D40BA1C0B795C00039DCD /* vegetable_curry.jpg */ = {isa = PBXFileReference; lastKnownFileType = image.jpeg; path = vegetable_curry.jpg; sourceTree = "<group>"; };
		217D40BB1C0B795C00039DCD /* japanese_noodle_with_pork.jpg */ = {isa = PBXFileReference; lastKnownFileType = image.jpeg; path = japanese_noodle_with_pork.jpg; sourceTree = "<group>"; };
		217D40BC1C0B795C00039DCD /* thai_shrimp_cake.jpg */ = {isa = PBXFileReference; lastKnownFileType = image.jpeg; path = thai_shrimp_cake.jpg; sourceTree = "<group>"; };
		217D40BD1C0B795C00039DCD /* angry_birds_cake.jpg */ = {isa = PBXFileReference; lastKnownFileType = image.jpeg; path = angry_birds_cake.jpg; sourceTree = "<group>"; };
		217D40BE1C0B795C00039DCD /* green_tea.jpg */ = {isa = PBXFileReference; lastKnownFileType = image.jpeg; path = green_tea.jpg; sourceTree = "<group>"; };
		217D40BF1C0B795C00039DCD /* instant_noodle_with_egg.jpg */ = {isa = PBXFileReference; lastKnownFileType = image.jpeg; path = instant_noodle_with_egg.jpg; sourceTree = "<group>"; };
		217D40C01C0B795C00039DCD /* noodle_with_bbq_pork.jpg */ = {isa = PBXFileReference; lastKnownFileType = image.jpeg; path = noodle_with_bbq_pork.jpg; sourceTree = "<group>"; };
		217D40D21C0B7F5100039DCD /* ImageCellCollectionViewCell.h */ = {isa = PBXFileReference; fileEncoding = 4; lastKnownFileType = sourcecode.c.h; path = ImageCellCollectionViewCell.h; sourceTree = "<group>"; };
		217D40D31C0B7F5100039DCD /* ImageCellCollectionViewCell.m */ = {isa = PBXFileReference; fileEncoding = 4; lastKnownFileType = sourcecode.c.objc; path = ImageCellCollectionViewCell.m; sourceTree = "<group>"; };
/* End PBXFileReference section */

/* Begin PBXFrameworksBuildPhase section */
		217D408D1C0B748900039DCD /* Frameworks */ = {
			isa = PBXFrameworksBuildPhase;
			buildActionMask = 2147483647;
			files = (
			);
			runOnlyForDeploymentPostprocessing = 0;
		};
/* End PBXFrameworksBuildPhase section */

/* Begin PBXGroup section */
		217D40871C0B748900039DCD = {
			isa = PBXGroup;
			children = (
				217D40921C0B748900039DCD /* Lesson7 */,
				217D40911C0B748900039DCD /* Products */,
			);
			sourceTree = "<group>";
		};
		217D40911C0B748900039DCD /* Products */ = {
			isa = PBXGroup;
			children = (
				217D40901C0B748900039DCD /* Lesson7.app */,
			);
			name = Products;
			sourceTree = "<group>";
		};
		217D40921C0B748900039DCD /* Lesson7 */ = {
			isa = PBXGroup;
			children = (
				217D40B01C0B793F00039DCD /* images */,
				217D40961C0B748900039DCD /* AppDelegate.h */,
				217D40971C0B748900039DCD /* AppDelegate.m */,
				217D409C1C0B748900039DCD /* Main.storyboard */,
				217D409F1C0B748900039DCD /* Assets.xcassets */,
				217D40A11C0B748900039DCD /* LaunchScreen.storyboard */,
				217D40A41C0B748900039DCD /* Info.plist */,
				217D40931C0B748900039DCD /* Supporting Files */,
				217D40AD1C0B781600039DCD /* CollectionViewController.h */,
				217D40AE1C0B781600039DCD /* CollectionViewController.m */,
				217D40D21C0B7F5100039DCD /* ImageCellCollectionViewCell.h */,
				217D40D31C0B7F5100039DCD /* ImageCellCollectionViewCell.m */,
			);
			path = Lesson7;
			sourceTree = "<group>";
		};
		217D40931C0B748900039DCD /* Supporting Files */ = {
			isa = PBXGroup;
			children = (
				217D40941C0B748900039DCD /* main.m */,
			);
			name = "Supporting Files";
			sourceTree = "<group>";
		};
		217D40B01C0B793F00039DCD /* images */ = {
			isa = PBXGroup;
			children = (
				217D40B11C0B795C00039DCD /* white_chocolate_donut.jpg */,
				217D40B21C0B795C00039DCD /* ham_and_egg_sandwich.jpg */,
				217D40B31C0B795C00039DCD /* hamburger.jpg */,
				217D40B41C0B795C00039DCD /* egg_benedict.jpg */,
				217D40B51C0B795C00039DCD /* ham_and_cheese_panini.jpg */,
				217D40B61C0B795C00039DCD /* mushroom_risotto.jpg */,
				217D40B71C0B795C00039DCD /* full_breakfast.jpg */,
				217D40B81C0B795C00039DCD /* creme_brelee.jpg */,
				217D40B91C0B795C00039DCD /* starbucks_coffee.jpg */,
				217D40BA1C0B795C00039DCD /* vegetable_curry.jpg */,
				217D40BB1C0B795C00039DCD /* japanese_noodle_with_pork.jpg */,
				217D40BC1C0B795C00039DCD /* thai_shrimp_cake.jpg */,
				217D40BD1C0B795C00039DCD /* angry_birds_cake.jpg */,
				217D40BE1C0B795C00039DCD /* green_tea.jpg */,
				217D40BF1C0B795C00039DCD /* instant_noodle_with_egg.jpg */,
				217D40C01C0B795C00039DCD /* noodle_with_bbq_pork.jpg */,
			);
			name = images;
			sourceTree = "<group>";
		};
/* End PBXGroup section */

/* Begin PBXNativeTarget section */
		217D408F1C0B748900039DCD /* Lesson7 */ = {
			isa = PBXNativeTarget;
			buildConfigurationList = 217D40A71C0B748900039DCD /* Build configuration list for PBXNativeTarget "Lesson7" */;
			buildPhases = (
				217D408C1C0B748900039DCD /* Sources */,
				217D408D1C0B748900039DCD /* Frameworks */,
				217D408E1C0B748900039DCD /* Resources */,
			);
			buildRules = (
			);
			dependencies = (
			);
			name = Lesson7;
			productName = Lesson7;
			productReference = 217D40901C0B748900039DCD /* Lesson7.app */;
			productType = "com.apple.product-type.application";
		};
/* End PBXNativeTarget section */

/* Begin PBXProject section */
		217D40881C0B748900039DCD /* Project object */ = {
			isa = PBXProject;
			attributes = {
				LastUpgradeCheck = 0710;
				ORGANIZATIONNAME = "Sergey Rybalko";
				TargetAttributes = {
					217D408F1C0B748900039DCD = {
						CreatedOnToolsVersion = 7.1.1;
					};
				};
			};
			buildConfigurationList = 217D408B1C0B748900039DCD /* Build configuration list for PBXProject "Lesson7" */;
			compatibilityVersion = "Xcode 3.2";
			developmentRegion = English;
			hasScannedForEncodings = 0;
			knownRegions = (
				en,
				Base,
			);
			mainGroup = 217D40871C0B748900039DCD;
			productRefGroup = 217D40911C0B748900039DCD /* Products */;
			projectDirPath = "";
			projectRoot = "";
			targets = (
				217D408F1C0B748900039DCD /* Lesson7 */,
			);
		};
/* End PBXProject section */

/* Begin PBXResourcesBuildPhase section */
		217D408E1C0B748900039DCD /* Resources */ = {
			isa = PBXResourcesBuildPhase;
			buildActionMask = 2147483647;
			files = (
				217D40C91C0B795C00039DCD /* starbucks_coffee.jpg in Resources */,
				217D40C71C0B795C00039DCD /* full_breakfast.jpg in Resources */,
				217D40A31C0B748900039DCD /* LaunchScreen.storyboard in Resources */,
				217D40C31C0B795C00039DCD /* hamburger.jpg in Resources */,
				217D40CF1C0B795C00039DCD /* instant_noodle_with_egg.jpg in Resources */,
				217D40C51C0B795C00039DCD /* ham_and_cheese_panini.jpg in Resources */,
				217D40CA1C0B795C00039DCD /* vegetable_curry.jpg in Resources */,
				217D40A01C0B748900039DCD /* Assets.xcassets in Resources */,
				217D409E1C0B748900039DCD /* Main.storyboard in Resources */,
				217D40C11C0B795C00039DCD /* white_chocolate_donut.jpg in Resources */,
				217D40CE1C0B795C00039DCD /* green_tea.jpg in Resources */,
				217D40C41C0B795C00039DCD /* egg_benedict.jpg in Resources */,
				217D40CD1C0B795C00039DCD /* angry_birds_cake.jpg in Resources */,
				217D40C61C0B795C00039DCD /* mushroom_risotto.jpg in Resources */,
				217D40C21C0B795C00039DCD /* ham_and_egg_sandwich.jpg in Resources */,
				217D40C81C0B795C00039DCD /* creme_brelee.jpg in Resources */,
				217D40D01C0B795C00039DCD /* noodle_with_bbq_pork.jpg in Resources */,
				217D40CC1C0B795C00039DCD /* thai_shrimp_cake.jpg in Resources */,
				217D40CB1C0B795C00039DCD /* japanese_noodle_with_pork.jpg in Resources */,
			);
			runOnlyForDeploymentPostprocessing = 0;
		};
/* End PBXResourcesBuildPhase section */

/* Begin PBXSourcesBuildPhase section */
		217D408C1C0B748900039DCD /* Sources */ = {
			isa = PBXSourcesBuildPhase;
			buildActionMask = 2147483647;
			files = (
				217D40AF1C0B781600039DCD /* CollectionViewController.m in Sources */,
				217D40981C0B748900039DCD /* AppDelegate.m in Sources */,
				217D40D41C0B7F5100039DCD /* ImageCellCollectionViewCell.m in Sources */,
				217D40951C0B748900039DCD /* main.m in Sources */,
			);
			runOnlyForDeploymentPostprocessing = 0;
		};
/* End PBXSourcesBuildPhase section */

/* Begin PBXVariantGroup section */
		217D409C1C0B748900039DCD /* Main.storyboard */ = {
			isa = PBXVariantGroup;
			children = (
				217D409D1C0B748900039DCD /* Base */,
			);
			name = Main.storyboard;
			sourceTree = "<group>";
		};
		217D40A11C0B748900039DCD /* LaunchScreen.storyboard */ = {
			isa = PBXVariantGroup;
			children = (
				217D40A21C0B748900039DCD /* Base */,
			);
			name = LaunchScreen.storyboard;
			sourceTree = "<group>";
		};
/* End PBXVariantGroup section */

/* Begin XCBuildConfiguration section */
		217D40A51C0B748900039DCD /* Debug */ = {
			isa = XCBuildConfiguration;
			buildSettings = {
				ALWAYS_SEARCH_USER_PATHS = NO;
				CLANG_CXX_LANGUAGE_STANDARD = "gnu++0x";
				CLANG_CXX_LIBRARY = "libc++";
				CLANG_ENABLE_MODULES = YES;
				CLANG_ENABLE_OBJC_ARC = YES;
				CLANG_WARN_BOOL_CONVERSION = YES;
				CLANG_WARN_CONSTANT_CONVERSION = YES;
				CLANG_WARN_DIRECT_OBJC_ISA_USAGE = YES_ERROR;
				CLANG_WARN_EMPTY_BODY = YES;
				CLANG_WARN_ENUM_CONVERSION = YES;
				CLANG_WARN_INT_CONVERSION = YES;
				CLANG_WARN_OBJC_ROOT_CLASS = YES_ERROR;
				CLANG_WARN_UNREACHABLE_CODE = YES;
				CLANG_WARN__DUPLICATE_METHOD_MATCH = YES;
				"CODE_SIGN_IDENTITY[sdk=iphoneos*]" = "iPhone Developer";
				COPY_PHASE_STRIP = NO;
				DEBUG_INFORMATION_FORMAT = dwarf;
				ENABLE_STRICT_OBJC_MSGSEND = YES;
				ENABLE_TESTABILITY = YES;
				GCC_C_LANGUAGE_STANDARD = gnu99;
				GCC_DYNAMIC_NO_PIC = NO;
				GCC_NO_COMMON_BLOCKS = YES;
				GCC_OPTIMIZATION_LEVEL = 0;
				GCC_PREPROCESSOR_DEFINITIONS = (
					"DEBUG=1",
					"$(inherited)",
				);
				GCC_WARN_64_TO_32_BIT_CONVERSION = YES;
				GCC_WARN_ABOUT_RETURN_TYPE = YES_ERROR;
				GCC_WARN_UNDECLARED_SELECTOR = YES;
				GCC_WARN_UNINITIALIZED_AUTOS = YES_AGGRESSIVE;
				GCC_WARN_UNUSED_FUNCTION = YES;
				GCC_WARN_UNUSED_VARIABLE = YES;
				IPHONEOS_DEPLOYMENT_TARGET = 9.1;
				MTL_ENABLE_DEBUG_INFO = YES;
				ONLY_ACTIVE_ARCH = YES;
				SDKROOT = iphoneos;
				TARGETED_DEVICE_FAMILY = "1,2";
			};
			name = Debug;
		};
		217D40A61C0B748900039DCD /* Release */ = {
			isa = XCBuildConfiguration;
			buildSettings = {
				ALWAYS_SEARCH_USER_PATHS = NO;
				CLANG_CXX_LANGUAGE_STANDARD = "gnu++0x";
				CLANG_CXX_LIBRARY = "libc++";
				CLANG_ENABLE_MODULES = YES;
				CLANG_ENABLE_OBJC_ARC = YES;
				CLANG_WARN_BOOL_CONVERSION = YES;
				CLANG_WARN_CONSTANT_CONVERSION = YES;
				CLANG_WARN_DIRECT_OBJC_ISA_USAGE = YES_ERROR;
				CLANG_WARN_EMPTY_BODY = YES;
				CLANG_WARN_ENUM_CONVERSION = YES;
				CLANG_WARN_INT_CONVERSION = YES;
				CLANG_WARN_OBJC_ROOT_CLASS = YES_ERROR;
				CLANG_WARN_UNREACHABLE_CODE = YES;
				CLANG_WARN__DUPLICATE_METHOD_MATCH = YES;
				"CODE_SIGN_IDENTITY[sdk=iphoneos*]" = "iPhone Developer";
				COPY_PHASE_STRIP = NO;
				DEBUG_INFORMATION_FORMAT = "dwarf-with-dsym";
				ENABLE_NS_ASSERTIONS = NO;
				ENABLE_STRICT_OBJC_MSGSEND = YES;
				GCC_C_LANGUAGE_STANDARD = gnu99;
				GCC_NO_COMMON_BLOCKS = YES;
				GCC_WARN_64_TO_32_BIT_CONVERSION = YES;
				GCC_WARN_ABOUT_RETURN_TYPE = YES_ERROR;
				GCC_WARN_UNDECLARED_SELECTOR = YES;
				GCC_WARN_UNINITIALIZED_AUTOS = YES_AGGRESSIVE;
				GCC_WARN_UNUSED_FUNCTION = YES;
				GCC_WARN_UNUSED_VARIABLE = YES;
				IPHONEOS_DEPLOYMENT_TARGET = 9.1;
				MTL_ENABLE_DEBUG_INFO = NO;
				SDKROOT = iphoneos;
				TARGETED_DEVICE_FAMILY = "1,2";
				VALIDATE_PRODUCT = YES;
			};
			name = Release;
		};
		217D40A81C0B748900039DCD /* Debug */ = {
			isa = XCBuildConfiguration;
			buildSettings = {
				ASSETCATALOG_COMPILER_APPICON_NAME = AppIcon;
				INFOPLIST_FILE = Lesson7/Info.plist;
				IPHONEOS_DEPLOYMENT_TARGET = 9.1;
				LD_RUNPATH_SEARCH_PATHS = "$(inherited) @executable_path/Frameworks";
				PRODUCT_BUNDLE_IDENTIFIER = Home.Lesson7;
				PRODUCT_NAME = "$(TARGET_NAME)";
			};
			name = Debug;
		};
		217D40A91C0B748900039DCD /* Release */ = {
			isa = XCBuildConfiguration;
			buildSettings = {
				ASSETCATALOG_COMPILER_APPICON_NAME = AppIcon;
				INFOPLIST_FILE = Lesson7/Info.plist;
				IPHONEOS_DEPLOYMENT_TARGET = 9.1;
				LD_RUNPATH_SEARCH_PATHS = "$(inherited) @executable_path/Frameworks";
				PRODUCT_BUNDLE_IDENTIFIER = Home.Lesson7;
				PRODUCT_NAME = "$(TARGET_NAME)";
			};
			name = Release;
		};
/* End XCBuildConfiguration section */

/* Begin XCConfigurationList section */
		217D408B1C0B748900039DCD /* Build configuration list for PBXProject "Lesson7" */ = {
			isa = XCConfigurationList;
			buildConfigurations = (
				217D40A51C0B748900039DCD /* Debug */,
				217D40A61C0B748900039DCD /* Release */,
			);
			defaultConfigurationIsVisible = 0;
			defaultConfigurationName = Release;
		};
		217D40A71C0B748900039DCD /* Build configuration list for PBXNativeTarget "Lesson7" */ = {
			isa = XCConfigurationList;
			buildConfigurations = (
				217D40A81C0B748900039DCD /* Debug */,
				217D40A91C0B748900039DCD /* Release */,
			);
			defaultConfigurationIsVisible = 0;
		};
/* End XCConfigurationList section */
	};
	rootObject = 217D40881C0B748900039DCD /* Project object */;
}
